
Microsoft Visual Studio Solution File, Format Version 12.00
# Visual Studio Version 16
VisualStudioVersion = 16.0.30907.101
MinimumVisualStudioVersion = 10.0.40219.1
Project("{FAE04EC0-301F-11D3-BF4B-00C04F79EFBC}") = "IEITMInfotip", "IEITMInfotip\IEITMInfotip.csproj", "{5759E09F-404A-4ADA-B785-25DB985FC8B4}"
EndProject
Project("{FAE04EC0-301F-11D3-BF4B-00C04F79EFBC}") = "TestHarness", "TestHarness\TestHarness.csproj", "{7B0ED6F9-1705-4373-ADFC-2B7EFC7245F0}"
EndProject
Project("{FAE04EC0-301F-11D3-BF4B-00C04F79EFBC}") = "IESPLInfotip", "IESPLInfotip\IESPLInfotip.csproj", "{7DA718B0-D8A3-4B6D-ADC6-E4398702F546}"
EndProject
Project("{2150E333-8FDC-42A3-9474-1A3956D46DE8}") = "Solution Items", "Solution Items", "{D76AD633-7409-413D-A599-272DBA942387}"
	ProjectSection(SolutionItems) = preProject
		Documentation\Readme.html = Documentation\Readme.html
	EndProjectSection
EndProject
Project("{FAE04EC0-301F-11D3-BF4B-00C04F79EFBC}") = "IETlkInfotip", "IETlkInfotip\IETlkInfotip.csproj", "{FE6C1EDE-B667-4B93-8242-E7986E2B3E1E}"
EndProject
Project("{FAE04EC0-301F-11D3-BF4B-00C04F79EFBC}") = "IESTOInfotip", "IEStoInfotip\IESTOInfotip.csproj", "{67D0A989-5DF1-44B8-BBB8-A452FD648566}"
EndProject
Project("{FAE04EC0-301F-11D3-BF4B-00C04F79EFBC}") = "IECREInfotip", "IECREInfotip\IECREInfotip.csproj", "{2104D140-2510-4E71-9A78-202651D63FAF}"
EndProject
Project("{FAE04EC0-301F-11D3-BF4B-00C04F79EFBC}") = "IEAREInfotip", "IEAREInfotip\IEAREInfotip.csproj", "{3F4AA40B-E11A-4EEC-BC29-94ECB5D0DE8C}"
EndProject
Project("{FAE04EC0-301F-11D3-BF4B-00C04F79EFBC}") = "IEWFXInfotip", "IEWFXInfotip\IEWFXInfotip.csproj", "{0EE113ED-1E2F-4F80-8EA8-B837EFE35879}"
EndProject
Project("{FAE04EC0-301F-11D3-BF4B-00C04F79EFBC}") = "IEWMPInfotip", "IEWMAPInfotip\IEWMPInfotip.csproj", "{550037C8-92D0-4666-8D22-2361CF62054F}"
EndProject
Project("{FAE04EC0-301F-11D3-BF4B-00C04F79EFBC}") = "IEWEDInfotip", "IEWEDInfotip\IEWEDInfotip.csproj", "{569C9CF1-1FE1-42C2-8E42-3529C2A10E48}"
EndProject
Project("{FAE04EC0-301F-11D3-BF4B-00C04F79EFBC}") = "IEBAMInfotip", "IEBAMInfotip\IEBAMInfotip.csproj", "{69515811-8562-4F7F-99A2-025979B5E4B4}"
EndProject
Project("{FAE04EC0-301F-11D3-BF4B-00C04F79EFBC}") = "IEKEYInfotip", "IEKEYInfotip\IEKEYInfotip.csproj", "{F35F00B6-ADC3-472B-9A20-62C7F02DF30D}"
EndProject
Project("{FAE04EC0-301F-11D3-BF4B-00C04F79EFBC}") = "IEEFFInfotip", "IEEFFInfotip\IEEFFInfotip.csproj", "{E85E6CBF-34A9-4D44-931D-6AFBE0CCE640}"
EndProject
Project("{FAE04EC0-301F-11D3-BF4B-00C04F79EFBC}") = "IEVVCInfotip", "IEVVCInfotip\IEVVCInfotip.csproj", "{B701EA8A-85BD-4A06-8282-077974AA6590}"
EndProject
Project("{FAE04EC0-301F-11D3-BF4B-00C04F79EFBC}") = "IEGAMInfotip", "IEGAMInfotip\IEGAMInfotip.csproj", "{D6242526-3CBC-47B6-87BF-E76DC81946EF}"
EndProject
Project("{FAE04EC0-301F-11D3-BF4B-00C04F79EFBC}") = "IEDLGInfotip", "IEDLGInfotip\IEDLGInfotip.csproj", "{EDFA771C-BF30-4B68-9ED1-0E1684955663}"
EndProject
Project("{FAE04EC0-301F-11D3-BF4B-00C04F79EFBC}") = "IEBAFInfotip", "IEBAFInfotip\IEBAFInfotip.csproj", "{7FD7CC01-A046-4163-83D8-37671078AD9B}"
EndProject
Project("{FAE04EC0-301F-11D3-BF4B-00C04F79EFBC}") = "IEIDSInfotip", "IEIDSInfotip\IEIDSInfotip.csproj", "{1D2EC358-45FB-4106-831F-D8CCAC1FB6BA}"
EndProject
Project("{FAE04EC0-301F-11D3-BF4B-00C04F79EFBC}") = "IEBCSInfotip", "IEBCSInfotip\IEBCSInfotip.csproj", "{EDD5E4E2-B222-41F9-94D3-BA1BDBDB4D3A}"
EndProject
Project("{FAE04EC0-301F-11D3-BF4B-00C04F79EFBC}") = "IE2DAInfotip", "IE2DAInfotip\IE2DAInfotip.csproj", "{8C3BBD1F-C9D5-421D-A0AE-59B9ABC70911}"
EndProject
Project("{FAE04EC0-301F-11D3-BF4B-00C04F79EFBC}") = "IECHUInfotip", "IECHUInfotip\IECHUInfotip.csproj", "{D30BACA2-E5F1-4DEB-8E69-1A4B197099EE}"
EndProject
Project("{FAE04EC0-301F-11D3-BF4B-00C04F79EFBC}") = "IEPROInfotip", "IEPROInfotip\IEPROInfotip.csproj", "{1C36ED48-CC3C-46C0-BB5A-9ECC504CC083}"
EndProject
Project("{FAE04EC0-301F-11D3-BF4B-00C04F79EFBC}") = "IEINIInfotip", "IEINIInfotip\IEINIInfotip.csproj", "{882C6A68-7A36-486E-9AA4-68F521C0A3CE}"
EndProject
Project("{FAE04EC0-301F-11D3-BF4B-00C04F79EFBC}") = "IECHRInfotip", "IECHRInfotip\IECHRInfotip.csproj", "{481879C8-E8CB-4684-898C-546B19694931}"
EndProject
Project("{FAE04EC0-301F-11D3-BF4B-00C04F79EFBC}") = "IEVEFInfotip", "IEVEFInfotip\IEVEFInfotip.csproj", "{A5A953AB-5250-4785-AF5D-BED4FEE9ACBE}"
EndProject
Project("{FAE04EC0-301F-11D3-BF4B-00C04F79EFBC}") = "IEGUIInfotip", "IEGUIInfotip\IEGUIInfotip.csproj", "{CAB0AE9B-D327-4647-985E-7880566203B7}"
EndProject
Project("{FAE04EC0-301F-11D3-BF4B-00C04F79EFBC}") = "IEMUSInfotip", "IEMUSInfotip\IEMUSInfotip.csproj", "{4DFB55C5-64B6-4B44-A8A5-35C145768B2D}"
EndProject
Project("{FAE04EC0-301F-11D3-BF4B-00C04F79EFBC}") = "IELUAInfotip", "IELUAInfotip\IELUAInfotip.csproj", "{779349EF-CFC5-4E41-B635-6B4996B7CE84}"
EndProject
Project("{FAE04EC0-301F-11D3-BF4B-00C04F79EFBC}") = "IEMOSPreview", "IEMOSPreview\IEMOSPreview.csproj", "{C5FFA097-C6D5-4B2F-ADAB-34F863B99CE4}"
EndProject
Project("{FAE04EC0-301F-11D3-BF4B-00C04F79EFBC}") = "IETISInfotip", "IETISInfotip\IETISInfotip.csproj", "{5D4290DC-C7BE-4B14-BF24-2E1F954972DE}"
EndProject
Project("{FAE04EC0-301F-11D3-BF4B-00C04F79EFBC}") = "IEMOSInfotip", "IEMOSInfotip\IEMOSInfotip.csproj", "{1A31B1CD-ACCA-4A0E-A2AA-E1F025890F11}"
EndProject
Project("{FAE04EC0-301F-11D3-BF4B-00C04F79EFBC}") = "IESQLInfotip", "IESQLInfotip\IESQLInfotip.csproj", "{8C0C212E-D598-474D-803B-0D61CC68B6ED}"
EndProject
Project("{FAE04EC0-301F-11D3-BF4B-00C04F79EFBC}") = "IEMENUInfotip", "IEMENUInfotip\IEMENUInfotip.csproj", "{47CC5236-CF22-4B89-B810-A38043E5DA26}"
EndProject
Project("{FAE04EC0-301F-11D3-BF4B-00C04F79EFBC}") = "IEGLSLInfotip", "IEGLSLInfotip\IEGLSLInfotip.csproj", "{0C934798-FF3B-46DE-BF5A-7FE30C933B2E}"
EndProject
Project("{FAE04EC0-301F-11D3-BF4B-00C04F79EFBC}") = "IEVARInfotip", "IEVARInfotip\IEVARInfotip.csproj", "{26AAC22F-A1D0-4A5A-851B-09D22E325E32}"
EndProject
Project("{FAE04EC0-301F-11D3-BF4B-00C04F79EFBC}") = "IETISPreview", "IETISPreview\IETISPreview.csproj", "{36FB34D3-78A3-414E-9DF8-3AADAD68BE98}"
EndProject
Project("{FAE04EC0-301F-11D3-BF4B-00C04F79EFBC}") = "IEBAMPreview", "IEBAMPreview\IEBAMPreview.csproj", "{0E7CCCE1-BDDC-4258-87CF-8A0063F80859}"
EndProject
Project("{FAE04EC0-301F-11D3-BF4B-00C04F79EFBC}") = "IEPLTPreview", "IEPLTPreview\IEPLTPreview.csproj", "{8D802A50-F0B9-437E-BD07-E9CF49F5C6F4}"
EndProject
Global
	GlobalSection(SolutionConfigurationPlatforms) = preSolution
		Debug|Any CPU = Debug|Any CPU
		Release|Any CPU = Release|Any CPU
	EndGlobalSection
	GlobalSection(ProjectConfigurationPlatforms) = postSolution
		{5759E09F-404A-4ADA-B785-25DB985FC8B4}.Debug|Any CPU.ActiveCfg = Debug|Any CPU
		{5759E09F-404A-4ADA-B785-25DB985FC8B4}.Debug|Any CPU.Build.0 = Debug|Any CPU
		{5759E09F-404A-4ADA-B785-25DB985FC8B4}.Release|Any CPU.ActiveCfg = Release|Any CPU
		{5759E09F-404A-4ADA-B785-25DB985FC8B4}.Release|Any CPU.Build.0 = Release|Any CPU
		{7B0ED6F9-1705-4373-ADFC-2B7EFC7245F0}.Debug|Any CPU.ActiveCfg = Debug|Any CPU
		{7B0ED6F9-1705-4373-ADFC-2B7EFC7245F0}.Debug|Any CPU.Build.0 = Debug|Any CPU
		{7B0ED6F9-1705-4373-ADFC-2B7EFC7245F0}.Release|Any CPU.ActiveCfg = Release|Any CPU
		{7B0ED6F9-1705-4373-ADFC-2B7EFC7245F0}.Release|Any CPU.Build.0 = Release|Any CPU
		{7DA718B0-D8A3-4B6D-ADC6-E4398702F546}.Debug|Any CPU.ActiveCfg = Debug|Any CPU
		{7DA718B0-D8A3-4B6D-ADC6-E4398702F546}.Debug|Any CPU.Build.0 = Debug|Any CPU
		{7DA718B0-D8A3-4B6D-ADC6-E4398702F546}.Release|Any CPU.ActiveCfg = Release|Any CPU
		{7DA718B0-D8A3-4B6D-ADC6-E4398702F546}.Release|Any CPU.Build.0 = Release|Any CPU
		{FE6C1EDE-B667-4B93-8242-E7986E2B3E1E}.Debug|Any CPU.ActiveCfg = Debug|Any CPU
		{FE6C1EDE-B667-4B93-8242-E7986E2B3E1E}.Debug|Any CPU.Build.0 = Debug|Any CPU
		{FE6C1EDE-B667-4B93-8242-E7986E2B3E1E}.Release|Any CPU.ActiveCfg = Release|Any CPU
		{FE6C1EDE-B667-4B93-8242-E7986E2B3E1E}.Release|Any CPU.Build.0 = Release|Any CPU
		{67D0A989-5DF1-44B8-BBB8-A452FD648566}.Debug|Any CPU.ActiveCfg = Debug|Any CPU
		{67D0A989-5DF1-44B8-BBB8-A452FD648566}.Debug|Any CPU.Build.0 = Debug|Any CPU
		{67D0A989-5DF1-44B8-BBB8-A452FD648566}.Release|Any CPU.ActiveCfg = Release|Any CPU
		{67D0A989-5DF1-44B8-BBB8-A452FD648566}.Release|Any CPU.Build.0 = Release|Any CPU
		{2104D140-2510-4E71-9A78-202651D63FAF}.Debug|Any CPU.ActiveCfg = Debug|Any CPU
		{2104D140-2510-4E71-9A78-202651D63FAF}.Debug|Any CPU.Build.0 = Debug|Any CPU
		{2104D140-2510-4E71-9A78-202651D63FAF}.Release|Any CPU.ActiveCfg = Release|Any CPU
		{2104D140-2510-4E71-9A78-202651D63FAF}.Release|Any CPU.Build.0 = Release|Any CPU
		{3F4AA40B-E11A-4EEC-BC29-94ECB5D0DE8C}.Debug|Any CPU.ActiveCfg = Debug|Any CPU
		{3F4AA40B-E11A-4EEC-BC29-94ECB5D0DE8C}.Debug|Any CPU.Build.0 = Debug|Any CPU
		{3F4AA40B-E11A-4EEC-BC29-94ECB5D0DE8C}.Release|Any CPU.ActiveCfg = Release|Any CPU
		{3F4AA40B-E11A-4EEC-BC29-94ECB5D0DE8C}.Release|Any CPU.Build.0 = Release|Any CPU
		{0EE113ED-1E2F-4F80-8EA8-B837EFE35879}.Debug|Any CPU.ActiveCfg = Debug|Any CPU
		{0EE113ED-1E2F-4F80-8EA8-B837EFE35879}.Debug|Any CPU.Build.0 = Debug|Any CPU
		{0EE113ED-1E2F-4F80-8EA8-B837EFE35879}.Release|Any CPU.ActiveCfg = Release|Any CPU
		{0EE113ED-1E2F-4F80-8EA8-B837EFE35879}.Release|Any CPU.Build.0 = Release|Any CPU
		{550037C8-92D0-4666-8D22-2361CF62054F}.Debug|Any CPU.ActiveCfg = Debug|Any CPU
		{550037C8-92D0-4666-8D22-2361CF62054F}.Debug|Any CPU.Build.0 = Debug|Any CPU
		{550037C8-92D0-4666-8D22-2361CF62054F}.Release|Any CPU.ActiveCfg = Release|Any CPU
		{550037C8-92D0-4666-8D22-2361CF62054F}.Release|Any CPU.Build.0 = Release|Any CPU
		{569C9CF1-1FE1-42C2-8E42-3529C2A10E48}.Debug|Any CPU.ActiveCfg = Debug|Any CPU
		{569C9CF1-1FE1-42C2-8E42-3529C2A10E48}.Debug|Any CPU.Build.0 = Debug|Any CPU
		{569C9CF1-1FE1-42C2-8E42-3529C2A10E48}.Release|Any CPU.ActiveCfg = Release|Any CPU
		{569C9CF1-1FE1-42C2-8E42-3529C2A10E48}.Release|Any CPU.Build.0 = Release|Any CPU
		{69515811-8562-4F7F-99A2-025979B5E4B4}.Debug|Any CPU.ActiveCfg = Debug|Any CPU
		{69515811-8562-4F7F-99A2-025979B5E4B4}.Debug|Any CPU.Build.0 = Debug|Any CPU
		{69515811-8562-4F7F-99A2-025979B5E4B4}.Release|Any CPU.ActiveCfg = Release|Any CPU
		{69515811-8562-4F7F-99A2-025979B5E4B4}.Release|Any CPU.Build.0 = Release|Any CPU
		{F35F00B6-ADC3-472B-9A20-62C7F02DF30D}.Debug|Any CPU.ActiveCfg = Debug|Any CPU
		{F35F00B6-ADC3-472B-9A20-62C7F02DF30D}.Debug|Any CPU.Build.0 = Debug|Any CPU
		{F35F00B6-ADC3-472B-9A20-62C7F02DF30D}.Release|Any CPU.ActiveCfg = Release|Any CPU
		{F35F00B6-ADC3-472B-9A20-62C7F02DF30D}.Release|Any CPU.Build.0 = Release|Any CPU
		{E85E6CBF-34A9-4D44-931D-6AFBE0CCE640}.Debug|Any CPU.ActiveCfg = Debug|Any CPU
		{E85E6CBF-34A9-4D44-931D-6AFBE0CCE640}.Debug|Any CPU.Build.0 = Debug|Any CPU
		{E85E6CBF-34A9-4D44-931D-6AFBE0CCE640}.Release|Any CPU.ActiveCfg = Release|Any CPU
		{E85E6CBF-34A9-4D44-931D-6AFBE0CCE640}.Release|Any CPU.Build.0 = Release|Any CPU
		{B701EA8A-85BD-4A06-8282-077974AA6590}.Debug|Any CPU.ActiveCfg = Debug|Any CPU
		{B701EA8A-85BD-4A06-8282-077974AA6590}.Debug|Any CPU.Build.0 = Debug|Any CPU
		{B701EA8A-85BD-4A06-8282-077974AA6590}.Release|Any CPU.ActiveCfg = Release|Any CPU
		{B701EA8A-85BD-4A06-8282-077974AA6590}.Release|Any CPU.Build.0 = Release|Any CPU
		{D6242526-3CBC-47B6-87BF-E76DC81946EF}.Debug|Any CPU.ActiveCfg = Debug|Any CPU
		{D6242526-3CBC-47B6-87BF-E76DC81946EF}.Debug|Any CPU.Build.0 = Debug|Any CPU
		{D6242526-3CBC-47B6-87BF-E76DC81946EF}.Release|Any CPU.ActiveCfg = Release|Any CPU
		{D6242526-3CBC-47B6-87BF-E76DC81946EF}.Release|Any CPU.Build.0 = Release|Any CPU
		{EDFA771C-BF30-4B68-9ED1-0E1684955663}.Debug|Any CPU.ActiveCfg = Debug|Any CPU
		{EDFA771C-BF30-4B68-9ED1-0E1684955663}.Debug|Any CPU.Build.0 = Debug|Any CPU
		{EDFA771C-BF30-4B68-9ED1-0E1684955663}.Release|Any CPU.ActiveCfg = Release|Any CPU
		{EDFA771C-BF30-4B68-9ED1-0E1684955663}.Release|Any CPU.Build.0 = Release|Any CPU
		{7FD7CC01-A046-4163-83D8-37671078AD9B}.Debug|Any CPU.ActiveCfg = Debug|Any CPU
		{7FD7CC01-A046-4163-83D8-37671078AD9B}.Debug|Any CPU.Build.0 = Debug|Any CPU
		{7FD7CC01-A046-4163-83D8-37671078AD9B}.Release|Any CPU.ActiveCfg = Release|Any CPU
		{7FD7CC01-A046-4163-83D8-37671078AD9B}.Release|Any CPU.Build.0 = Release|Any CPU
		{1D2EC358-45FB-4106-831F-D8CCAC1FB6BA}.Debug|Any CPU.ActiveCfg = Debug|Any CPU
		{1D2EC358-45FB-4106-831F-D8CCAC1FB6BA}.Debug|Any CPU.Build.0 = Debug|Any CPU
		{1D2EC358-45FB-4106-831F-D8CCAC1FB6BA}.Release|Any CPU.ActiveCfg = Release|Any CPU
		{1D2EC358-45FB-4106-831F-D8CCAC1FB6BA}.Release|Any CPU.Build.0 = Release|Any CPU
		{EDD5E4E2-B222-41F9-94D3-BA1BDBDB4D3A}.Debug|Any CPU.ActiveCfg = Debug|Any CPU
		{EDD5E4E2-B222-41F9-94D3-BA1BDBDB4D3A}.Debug|Any CPU.Build.0 = Debug|Any CPU
		{EDD5E4E2-B222-41F9-94D3-BA1BDBDB4D3A}.Release|Any CPU.ActiveCfg = Release|Any CPU
		{EDD5E4E2-B222-41F9-94D3-BA1BDBDB4D3A}.Release|Any CPU.Build.0 = Release|Any CPU
		{8C3BBD1F-C9D5-421D-A0AE-59B9ABC70911}.Debug|Any CPU.ActiveCfg = Debug|Any CPU
		{8C3BBD1F-C9D5-421D-A0AE-59B9ABC70911}.Debug|Any CPU.Build.0 = Debug|Any CPU
		{8C3BBD1F-C9D5-421D-A0AE-59B9ABC70911}.Release|Any CPU.ActiveCfg = Release|Any CPU
		{8C3BBD1F-C9D5-421D-A0AE-59B9ABC70911}.Release|Any CPU.Build.0 = Release|Any CPU
		{D30BACA2-E5F1-4DEB-8E69-1A4B197099EE}.Debug|Any CPU.ActiveCfg = Debug|Any CPU
		{D30BACA2-E5F1-4DEB-8E69-1A4B197099EE}.Debug|Any CPU.Build.0 = Debug|Any CPU
		{D30BACA2-E5F1-4DEB-8E69-1A4B197099EE}.Release|Any CPU.ActiveCfg = Release|Any CPU
		{D30BACA2-E5F1-4DEB-8E69-1A4B197099EE}.Release|Any CPU.Build.0 = Release|Any CPU
		{1C36ED48-CC3C-46C0-BB5A-9ECC504CC083}.Debug|Any CPU.ActiveCfg = Debug|Any CPU
		{1C36ED48-CC3C-46C0-BB5A-9ECC504CC083}.Debug|Any CPU.Build.0 = Debug|Any CPU
		{1C36ED48-CC3C-46C0-BB5A-9ECC504CC083}.Release|Any CPU.ActiveCfg = Release|Any CPU
		{1C36ED48-CC3C-46C0-BB5A-9ECC504CC083}.Release|Any CPU.Build.0 = Release|Any CPU
		{882C6A68-7A36-486E-9AA4-68F521C0A3CE}.Debug|Any CPU.ActiveCfg = Debug|Any CPU
		{882C6A68-7A36-486E-9AA4-68F521C0A3CE}.Debug|Any CPU.Build.0 = Debug|Any CPU
		{882C6A68-7A36-486E-9AA4-68F521C0A3CE}.Release|Any CPU.ActiveCfg = Release|Any CPU
		{882C6A68-7A36-486E-9AA4-68F521C0A3CE}.Release|Any CPU.Build.0 = Release|Any CPU
		{481879C8-E8CB-4684-898C-546B19694931}.Debug|Any CPU.ActiveCfg = Debug|Any CPU
		{481879C8-E8CB-4684-898C-546B19694931}.Debug|Any CPU.Build.0 = Debug|Any CPU
		{481879C8-E8CB-4684-898C-546B19694931}.Release|Any CPU.ActiveCfg = Release|Any CPU
		{481879C8-E8CB-4684-898C-546B19694931}.Release|Any CPU.Build.0 = Release|Any CPU
		{A5A953AB-5250-4785-AF5D-BED4FEE9ACBE}.Debug|Any CPU.ActiveCfg = Debug|Any CPU
		{A5A953AB-5250-4785-AF5D-BED4FEE9ACBE}.Debug|Any CPU.Build.0 = Debug|Any CPU
		{A5A953AB-5250-4785-AF5D-BED4FEE9ACBE}.Release|Any CPU.ActiveCfg = Release|Any CPU
		{A5A953AB-5250-4785-AF5D-BED4FEE9ACBE}.Release|Any CPU.Build.0 = Release|Any CPU
		{CAB0AE9B-D327-4647-985E-7880566203B7}.Debug|Any CPU.ActiveCfg = Debug|Any CPU
		{CAB0AE9B-D327-4647-985E-7880566203B7}.Debug|Any CPU.Build.0 = Debug|Any CPU
		{CAB0AE9B-D327-4647-985E-7880566203B7}.Release|Any CPU.ActiveCfg = Release|Any CPU
		{CAB0AE9B-D327-4647-985E-7880566203B7}.Release|Any CPU.Build.0 = Release|Any CPU
		{4DFB55C5-64B6-4B44-A8A5-35C145768B2D}.Debug|Any CPU.ActiveCfg = Debug|Any CPU
		{4DFB55C5-64B6-4B44-A8A5-35C145768B2D}.Debug|Any CPU.Build.0 = Debug|Any CPU
		{4DFB55C5-64B6-4B44-A8A5-35C145768B2D}.Release|Any CPU.ActiveCfg = Release|Any CPU
		{4DFB55C5-64B6-4B44-A8A5-35C145768B2D}.Release|Any CPU.Build.0 = Release|Any CPU
		{779349EF-CFC5-4E41-B635-6B4996B7CE84}.Debug|Any CPU.ActiveCfg = Debug|Any CPU
		{779349EF-CFC5-4E41-B635-6B4996B7CE84}.Debug|Any CPU.Build.0 = Debug|Any CPU
		{779349EF-CFC5-4E41-B635-6B4996B7CE84}.Release|Any CPU.ActiveCfg = Release|Any CPU
		{779349EF-CFC5-4E41-B635-6B4996B7CE84}.Release|Any CPU.Build.0 = Release|Any CPU
		{C5FFA097-C6D5-4B2F-ADAB-34F863B99CE4}.Debug|Any CPU.ActiveCfg = Debug|Any CPU
		{C5FFA097-C6D5-4B2F-ADAB-34F863B99CE4}.Debug|Any CPU.Build.0 = Debug|Any CPU
		{C5FFA097-C6D5-4B2F-ADAB-34F863B99CE4}.Release|Any CPU.ActiveCfg = Release|Any CPU
		{C5FFA097-C6D5-4B2F-ADAB-34F863B99CE4}.Release|Any CPU.Build.0 = Release|Any CPU
		{5D4290DC-C7BE-4B14-BF24-2E1F954972DE}.Debug|Any CPU.ActiveCfg = Debug|Any CPU
		{5D4290DC-C7BE-4B14-BF24-2E1F954972DE}.Debug|Any CPU.Build.0 = Debug|Any CPU
		{5D4290DC-C7BE-4B14-BF24-2E1F954972DE}.Release|Any CPU.ActiveCfg = Release|Any CPU
		{5D4290DC-C7BE-4B14-BF24-2E1F954972DE}.Release|Any CPU.Build.0 = Release|Any CPU
		{1A31B1CD-ACCA-4A0E-A2AA-E1F025890F11}.Debug|Any CPU.ActiveCfg = Debug|Any CPU
		{1A31B1CD-ACCA-4A0E-A2AA-E1F025890F11}.Debug|Any CPU.Build.0 = Debug|Any CPU
		{1A31B1CD-ACCA-4A0E-A2AA-E1F025890F11}.Release|Any CPU.ActiveCfg = Release|Any CPU
		{1A31B1CD-ACCA-4A0E-A2AA-E1F025890F11}.Release|Any CPU.Build.0 = Release|Any CPU
		{8C0C212E-D598-474D-803B-0D61CC68B6ED}.Debug|Any CPU.ActiveCfg = Debug|Any CPU
		{8C0C212E-D598-474D-803B-0D61CC68B6ED}.Debug|Any CPU.Build.0 = Debug|Any CPU
		{8C0C212E-D598-474D-803B-0D61CC68B6ED}.Release|Any CPU.ActiveCfg = Release|Any CPU
		{8C0C212E-D598-474D-803B-0D61CC68B6ED}.Release|Any CPU.Build.0 = Release|Any CPU
		{47CC5236-CF22-4B89-B810-A38043E5DA26}.Debug|Any CPU.ActiveCfg = Debug|Any CPU
		{47CC5236-CF22-4B89-B810-A38043E5DA26}.Debug|Any CPU.Build.0 = Debug|Any CPU
		{47CC5236-CF22-4B89-B810-A38043E5DA26}.Release|Any CPU.ActiveCfg = Release|Any CPU
		{47CC5236-CF22-4B89-B810-A38043E5DA26}.Release|Any CPU.Build.0 = Release|Any CPU
		{0C934798-FF3B-46DE-BF5A-7FE30C933B2E}.Debug|Any CPU.ActiveCfg = Debug|Any CPU
		{0C934798-FF3B-46DE-BF5A-7FE30C933B2E}.Debug|Any CPU.Build.0 = Debug|Any CPU
		{0C934798-FF3B-46DE-BF5A-7FE30C933B2E}.Release|Any CPU.ActiveCfg = Release|Any CPU
		{0C934798-FF3B-46DE-BF5A-7FE30C933B2E}.Release|Any CPU.Build.0 = Release|Any CPU
		{26AAC22F-A1D0-4A5A-851B-09D22E325E32}.Debug|Any CPU.ActiveCfg = Debug|Any CPU
		{26AAC22F-A1D0-4A5A-851B-09D22E325E32}.Debug|Any CPU.Build.0 = Debug|Any CPU
		{26AAC22F-A1D0-4A5A-851B-09D22E325E32}.Release|Any CPU.ActiveCfg = Release|Any CPU
		{26AAC22F-A1D0-4A5A-851B-09D22E325E32}.Release|Any CPU.Build.0 = Release|Any CPU
		{36FB34D3-78A3-414E-9DF8-3AADAD68BE98}.Debug|Any CPU.ActiveCfg = Debug|Any CPU
		{36FB34D3-78A3-414E-9DF8-3AADAD68BE98}.Debug|Any CPU.Build.0 = Debug|Any CPU
		{36FB34D3-78A3-414E-9DF8-3AADAD68BE98}.Release|Any CPU.ActiveCfg = Release|Any CPU
		{36FB34D3-78A3-414E-9DF8-3AADAD68BE98}.Release|Any CPU.Build.0 = Release|Any CPU
		{0E7CCCE1-BDDC-4258-87CF-8A0063F80859}.Debug|Any CPU.ActiveCfg = Debug|Any CPU
		{0E7CCCE1-BDDC-4258-87CF-8A0063F80859}.Debug|Any CPU.Build.0 = Debug|Any CPU
		{0E7CCCE1-BDDC-4258-87CF-8A0063F80859}.Release|Any CPU.ActiveCfg = Release|Any CPU
		{0E7CCCE1-BDDC-4258-87CF-8A0063F80859}.Release|Any CPU.Build.0 = Release|Any CPU
		{8D802A50-F0B9-437E-BD07-E9CF49F5C6F4}.Debug|Any CPU.ActiveCfg = Debug|Any CPU
		{8D802A50-F0B9-437E-BD07-E9CF49F5C6F4}.Debug|Any CPU.Build.0 = Debug|Any CPU
		{8D802A50-F0B9-437E-BD07-E9CF49F5C6F4}.Release|Any CPU.ActiveCfg = Release|Any CPU
		{8D802A50-F0B9-437E-BD07-E9CF49F5C6F4}.Release|Any CPU.Build.0 = Release|Any CPU
	EndGlobalSection
	GlobalSection(SolutionProperties) = preSolution
		HideSolutionNode = FALSE
	EndGlobalSection
	GlobalSection(ExtensibilityGlobals) = postSolution
		SolutionGuid = {5AF1A993-AD66-4851-99AD-BC3093F9C3D1}
	EndGlobalSection
EndGlobal
